
Microsoft Visual Studio Solution File, Format Version 12.00
# Visual Studio Version 17
VisualStudioVersion = 17.1.32328.378
MinimumVisualStudioVersion = 10.0.40219.1
Project("{FAE04EC0-301F-11D3-BF4B-00C04F79EFBC}") = "MoleculsProject", "MoleculsProject.csproj", "{3EDA2580-0F0A-4FE8-8E30-FB45634B6978}"
EndProject
Global
	GlobalSection(SolutionConfigurationPlatforms) = preSolution
		Debug|Any CPU = Debug|Any CPU
		Release|Any CPU = Release|Any CPU
	EndGlobalSection
	GlobalSection(ProjectConfigurationPlatforms) = postSolution
		{3EDA2580-0F0A-4FE8-8E30-FB45634B6978}.Debug|Any CPU.ActiveCfg = Debug|Any CPU
		{3EDA2580-0F0A-4FE8-8E30-FB45634B6978}.Debug|Any CPU.Build.0 = Debug|Any CPU
		{3EDA2580-0F0A-4FE8-8E30-FB45634B6978}.Release|Any CPU.ActiveCfg = Release|Any CPU
		{3EDA2580-0F0A-4FE8-8E30-FB45634B6978}.Release|Any CPU.Build.0 = Release|Any CPU
	EndGlobalSection
	GlobalSection(SolutionProperties) = preSolution
		HideSolutionNode = FALSE
	EndGlobalSection
	GlobalSection(ExtensibilityGlobals) = postSolution
		SolutionGuid = {6BEF7C7D-25DA-401C-B8A4-93885A460DCA}
	EndGlobalSection
EndGlobal
